<?xml version="1.0" encoding="utf-8"?>
<Project ToolsVersion="4.0" xmlns="http://schemas.microsoft.com/developer/msbuild/2003">
  <ItemGroup>
    <Filter Include="Source Files">
      <UniqueIdentifier>{4FC737F1-C7A5-4376-A066-2A32D752A2FF}</UniqueIdentifier>
      <Extensions>cpp;c;cc;cxx;c++;cppm;ixx;def;odl;idl;hpj;bat;asm;asmx</Extensions>
    </Filter>
    <Filter Include="Header Files">
      <UniqueIdentifier>{93995380-89BD-4b04-88EB-625FBE52EBFB}</UniqueIdentifier>
      <Extensions>h;hh;hpp;hxx;h++;hm;inl;inc;ipp;xsd</Extensions>
    </Filter>
    <Filter Include="Resource Files">
      <UniqueIdentifier>{67DA6AB6-F800-4c08-8B7A-83BB121AAD01}</UniqueIdentifier>
      <Extensions>rc;ico;cur;bmp;dlg;rc2;rct;bin;rgs;gif;jpg;jpeg;jpe;resx;tiff;tif;png;wav;mfcribbon-ms</Extensions>
    </Filter>
    <Filter Include="Source Files\CaptureDlg">
      <UniqueIdentifier>{01e9b02a-aa42-48a4-a2ef-7d4db115e9b7}</UniqueIdentifier>
    </Filter>
    <Filter Include="Header Files\Layout">
      <UniqueIdentifier>{0b514901-2d88-4830-a0c3-90f0383133e0}</UniqueIdentifier>
    </Filter>
    <Filter Include="Source Files\Layout">
      <UniqueIdentifier>{ae09aabc-bdd4-4927-94b1-d4a458f4eae3}</UniqueIdentifier>
    </Filter>
    <Filter Include="Header Files\Utils">
      <UniqueIdentifier>{4054719a-7e15-45a8-8c9e-9c073356f6c7}</UniqueIdentifier>
    </Filter>
    <Filter Include="Source Files\Utils">
      <UniqueIdentifier>{fb96c04b-6beb-4b0f-a7ca-6be26d3e5d81}</UniqueIdentifier>
    </Filter>
    <Filter Include="Header Files\Dlgs">
      <UniqueIdentifier>{0705c5b3-825d-4ac4-83c2-6b215e6c258f}</UniqueIdentifier>
    </Filter>
    <Filter Include="Source Files\Dlgs">
      <UniqueIdentifier>{aa4068c7-63b0-4615-a9bd-a603d5318e76}</UniqueIdentifier>
    </Filter>
    <Filter Include="Header Files\CaptureDlg">
      <UniqueIdentifier>{1867c163-aeeb-47b5-a21c-6ffa657295c4}</UniqueIdentifier>
    </Filter>
    <Filter Include="Icons">
      <UniqueIdentifier>{b5550adb-0870-4c6a-87cb-feedc1b57a58}</UniqueIdentifier>
    </Filter>
  </ItemGroup>
  <ItemGroup>
    <ClInclude Include="src\CaptureDlg\CapDragSelWin.h">
      <Filter>Header Files\CaptureDlg</Filter>
    </ClInclude>
    <ClInclude Include="src\CaptureDlg\CaptureDlg.h">
      <Filter>Header Files\CaptureDlg</Filter>
    </ClInclude>
    <ClInclude Include="src\CaptureDlg\CaptureListItem.h">
      <Filter>Header Files\CaptureDlg</Filter>
    </ClInclude>
    <ClInclude Include="src\Dlgs\DlgAbout.h">
      <Filter>Header Files\Dlgs</Filter>
    </ClInclude>
    <ClInclude Include="src\Dlgs\DlgIntro.h">
      <Filter>Header Files\Dlgs</Filter>
    </ClInclude>
    <ClInclude Include="src\Layout\Layout.h">
      <Filter>Header Files\Layout</Filter>
    </ClInclude>
    <ClInclude Include="src\Layout\LProps.h">
      <Filter>Header Files\Layout</Filter>
    </ClInclude>
    <ClInclude Include="src\Layout\Node.h">
      <Filter>Header Files\Layout</Filter>
    </ClInclude>
    <ClInclude Include="src\Layout\Sash.h">
      <Filter>Header Files\Layout</Filter>
    </ClInclude>
    <ClInclude Include="src\Layout\TabBar.h">
      <Filter>Header Files\Layout</Filter>
    </ClInclude>
    <ClInclude Include="src\framework.h">
      <Filter>Source Files</Filter>
    </ClInclude>
    <ClInclude Include="src\targetver.h">
      <Filter>Source Files</Filter>
    </ClInclude>
    <ClInclude Include="src\Resource.h">
      <Filter>Header Files</Filter>
    </ClInclude>
    <ClInclude Include="src\AppDock.h">
      <Filter>Header Files</Filter>
    </ClInclude>
    <ClInclude Include="src\AppRef.h">
      <Filter>Header Files</Filter>
    </ClInclude>
    <ClInclude Include="src\BarDrop.h">
      <Filter>Header Files</Filter>
    </ClInclude>
    <ClInclude Include="src\DockWin.h">
      <Filter>Header Files</Filter>
    </ClInclude>
    <ClInclude Include="src\TopDockWin.h">
      <Filter>Header Files</Filter>
    </ClInclude>
    <ClInclude Include="src\Utils\AppUtils.h">
      <Filter>Header Files\Utils</Filter>
    </ClInclude>
    <ClInclude Include="src\Utils\mywxUtils.h">
      <Filter>Header Files\Utils</Filter>
    </ClInclude>
    <ClInclude Include="src\Utils\json.hpp">
      <Filter>Header Files\Utils</Filter>
    </ClInclude>
    <ClInclude Include="src\Taskbar.h">
      <Filter>Header Files</Filter>
    </ClInclude>
    <ClInclude Include="src\DragPreviewOlyWin.h">
      <Filter>Header Files</Filter>
    </ClInclude>
  </ItemGroup>
  <ItemGroup>
    <ClCompile Include="src\AppDock.cpp">
      <Filter>Source Files</Filter>
    </ClCompile>
    <ClCompile Include="src\AppRef.cpp">
      <Filter>Source Files</Filter>
    </ClCompile>
    <ClCompile Include="src\BarDrop.cpp">
      <Filter>Source Files</Filter>
    </ClCompile>
    <ClCompile Include="src\DockWin.cpp">
      <Filter>Source Files</Filter>
    </ClCompile>
    <ClCompile Include="src\Taskbar.cpp">
      <Filter>Source Files</Filter>
    </ClCompile>
    <ClCompile Include="src\TopDockWin.cpp">
      <Filter>Source Files</Filter>
    </ClCompile>
    <ClCompile Include="src\Utils\mywxUtils.cpp">
      <Filter>Source Files\Utils</Filter>
    </ClCompile>
    <ClCompile Include="src\Utils\AppUtils.cpp">
      <Filter>Source Files\Utils</Filter>
    </ClCompile>
    <ClCompile Include="src\Dlgs\DlgAbout.cpp">
      <Filter>Source Files\Dlgs</Filter>
    </ClCompile>
    <ClCompile Include="src\Dlgs\DlgIntro.cpp">
      <Filter>Source Files\Dlgs</Filter>
    </ClCompile>
    <ClCompile Include="src\CaptureDlg\CapDragSelWin.cpp">
      <Filter>Source Files\CaptureDlg</Filter>
    </ClCompile>
    <ClCompile Include="src\CaptureDlg\CaptureDlg.cpp">
      <Filter>Source Files\CaptureDlg</Filter>
    </ClCompile>
    <ClCompile Include="src\CaptureDlg\CaptureListItem.cpp">
      <Filter>Source Files\CaptureDlg</Filter>
    </ClCompile>
    <ClCompile Include="src\Layout\Layout.cpp">
      <Filter>Source Files\Layout</Filter>
    </ClCompile>
    <ClCompile Include="src\Layout\LProps.cpp">
      <Filter>Source Files\Layout</Filter>
    </ClCompile>
    <ClCompile Include="src\Layout\Node.cpp">
      <Filter>Source Files\Layout</Filter>
    </ClCompile>
    <ClCompile Include="src\Layout\TabBar.cpp">
      <Filter>Source Files\Layout</Filter>
    </ClCompile>
    <ClCompile Include="src\Layout\Sash.cpp">
      <Filter>Source Files\Layout</Filter>
    </ClCompile>
    <ClCompile Include="src\DragPreviewOlyWin.cpp">
      <Filter>Source Files</Filter>
    </ClCompile>
  </ItemGroup>
  <ItemGroup>
    <ResourceCompile Include="AppDock.rc">
      <Filter>Resource Files</Filter>
    </ResourceCompile>
  </ItemGroup>
  <ItemGroup>
    <Image Include="small.ico">
      <Filter>Resource Files</Filter>
    </Image>
    <Image Include="..\AssetSrcs\QuestionIcon_11_16.png">
      <Filter>Resource Files</Filter>
    </Image>
    <Image Include="..\AssetSrcs\QuestionIcon_21_32.png">
      <Filter>Resource Files</Filter>
    </Image>
    <Image Include="..\AssetSrcs\Reticule_16.png">
      <Filter>Resource Files</Filter>
    </Image>
    <Image Include="..\AssetSrcs\Reticule_32.png">
      <Filter>Resource Files</Filter>
    </Image>
    <Image Include="Icons\AppDock.ico">
      <Filter>Icons</Filter>
    </Image>
    <Image Include="Icons\AppDockIcon_16.ico">
      <Filter>Icons</Filter>
    </Image>
    <Image Include="Icons\AppDockIcon_32.ico">
      <Filter>Icons</Filter>
    </Image>
    <Image Include="Icons\AppDockIcon_64.ico">
      <Filter>Icons</Filter>
    </Image>
    <Image Include="Icons\AppDockIcon_128.ico">
      <Filter>Icons</Filter>
    </Image>
  </ItemGroup>
</Project>